
Microsoft Visual Studio Solution File, Format Version 12.00
# Visual Studio 15
VisualStudioVersion = 15.0.26124.0
MinimumVisualStudioVersion = 15.0.26124.0
Project("{2150E333-8FDC-42A3-9474-1A3956D46DE8}") = "Commons.Api", "Commons.Api", "{7467C699-1A1B-4532-BADB-B82403BBC078}"
EndProject
Project("{FAE04EC0-301F-11D3-BF4B-00C04F79EFBC}") = "Commons.Api", "Commons.Api\src\Commons.Api.csproj", "{1827048B-401A-4B3A-BF6F-52AB23822F0F}"
EndProject
Project("{FAE04EC0-301F-11D3-BF4B-00C04F79EFBC}") = "Commons.Api.XTests", "Commons.Api\test\Commons.Api.XTests.csproj", "{AEBD711A-4166-480A-AB11-C0BB1DE70959}"
EndProject
Global
	GlobalSection(SolutionConfigurationPlatforms) = preSolution
		Debug|Any CPU = Debug|Any CPU
		Debug|x64 = Debug|x64
		Debug|x86 = Debug|x86
		Release|Any CPU = Release|Any CPU
		Release|x64 = Release|x64
		Release|x86 = Release|x86
	EndGlobalSection
	GlobalSection(SolutionProperties) = preSolution
		HideSolutionNode = FALSE
	EndGlobalSection
	GlobalSection(ProjectConfigurationPlatforms) = postSolution
		{1827048B-401A-4B3A-BF6F-52AB23822F0F}.Debug|Any CPU.ActiveCfg = Debug|Any CPU
		{1827048B-401A-4B3A-BF6F-52AB23822F0F}.Debug|Any CPU.Build.0 = Debug|Any CPU
		{1827048B-401A-4B3A-BF6F-52AB23822F0F}.Debug|x64.ActiveCfg = Debug|Any CPU
		{1827048B-401A-4B3A-BF6F-52AB23822F0F}.Debug|x64.Build.0 = Debug|Any CPU
		{1827048B-401A-4B3A-BF6F-52AB23822F0F}.Debug|x86.ActiveCfg = Debug|Any CPU
		{1827048B-401A-4B3A-BF6F-52AB23822F0F}.Debug|x86.Build.0 = Debug|Any CPU
		{1827048B-401A-4B3A-BF6F-52AB23822F0F}.Release|Any CPU.ActiveCfg = Release|Any CPU
		{1827048B-401A-4B3A-BF6F-52AB23822F0F}.Release|Any CPU.Build.0 = Release|Any CPU
		{1827048B-401A-4B3A-BF6F-52AB23822F0F}.Release|x64.ActiveCfg = Release|Any CPU
		{1827048B-401A-4B3A-BF6F-52AB23822F0F}.Release|x64.Build.0 = Release|Any CPU
		{1827048B-401A-4B3A-BF6F-52AB23822F0F}.Release|x86.ActiveCfg = Release|Any CPU
		{1827048B-401A-4B3A-BF6F-52AB23822F0F}.Release|x86.Build.0 = Release|Any CPU
		{AEBD711A-4166-480A-AB11-C0BB1DE70959}.Debug|Any CPU.ActiveCfg = Debug|Any CPU
		{AEBD711A-4166-480A-AB11-C0BB1DE70959}.Debug|Any CPU.Build.0 = Debug|Any CPU
		{AEBD711A-4166-480A-AB11-C0BB1DE70959}.Debug|x64.ActiveCfg = Debug|Any CPU
		{AEBD711A-4166-480A-AB11-C0BB1DE70959}.Debug|x64.Build.0 = Debug|Any CPU
		{AEBD711A-4166-480A-AB11-C0BB1DE70959}.Debug|x86.ActiveCfg = Debug|Any CPU
		{AEBD711A-4166-480A-AB11-C0BB1DE70959}.Debug|x86.Build.0 = Debug|Any CPU
		{AEBD711A-4166-480A-AB11-C0BB1DE70959}.Release|Any CPU.ActiveCfg = Release|Any CPU
		{AEBD711A-4166-480A-AB11-C0BB1DE70959}.Release|Any CPU.Build.0 = Release|Any CPU
		{AEBD711A-4166-480A-AB11-C0BB1DE70959}.Release|x64.ActiveCfg = Release|Any CPU
		{AEBD711A-4166-480A-AB11-C0BB1DE70959}.Release|x64.Build.0 = Release|Any CPU
		{AEBD711A-4166-480A-AB11-C0BB1DE70959}.Release|x86.ActiveCfg = Release|Any CPU
		{AEBD711A-4166-480A-AB11-C0BB1DE70959}.Release|x86.Build.0 = Release|Any CPU
	EndGlobalSection
	GlobalSection(NestedProjects) = preSolution
		{1827048B-401A-4B3A-BF6F-52AB23822F0F} = {7467C699-1A1B-4532-BADB-B82403BBC078}
		{AEBD711A-4166-480A-AB11-C0BB1DE70959} = {7467C699-1A1B-4532-BADB-B82403BBC078}
	EndGlobalSection
EndGlobal
